// !$*UTF8*$!
{
	archiveVersion = 1;
	classes = {
	};
	objectVersion = 48;
	objects = {

/* Begin PBXBuildFile section */
		443108A01F0C3241007C75CF /* AppDelegate.swift in Sources */ = {isa = PBXBuildFile; fileRef = 4431089F1F0C3241007C75CF /* AppDelegate.swift */; };
		443108A21F0C3241007C75CF /* ViewController.swift in Sources */ = {isa = PBXBuildFile; fileRef = 443108A11F0C3241007C75CF /* ViewController.swift */; };
		443108A51F0C3241007C75CF /* Main.storyboard in Resources */ = {isa = PBXBuildFile; fileRef = 443108A31F0C3241007C75CF /* Main.storyboard */; };
		443108A71F0C3241007C75CF /* Assets.xcassets in Resources */ = {isa = PBXBuildFile; fileRef = 443108A61F0C3241007C75CF /* Assets.xcassets */; };
		443108AA1F0C3241007C75CF /* LaunchScreen.storyboard in Resources */ = {isa = PBXBuildFile; fileRef = 443108A81F0C3241007C75CF /* LaunchScreen.storyboard */; };
		443108B21F0C397B007C75CF /* ModernExt.swift in Sources */ = {isa = PBXBuildFile; fileRef = 443108B11F0C397B007C75CF /* ModernExt.swift */; };
		443108B61F0C64A4007C75CF /* FlickrRequest.swift in Sources */ = {isa = PBXBuildFile; fileRef = 443108B51F0C64A4007C75CF /* FlickrRequest.swift */; };
		443108B91F0C6506007C75CF /* RequestManager.swift in Sources */ = {isa = PBXBuildFile; fileRef = 443108B81F0C6506007C75CF /* RequestManager.swift */; };
		443108BB1F0C656F007C75CF /* Photo.swift in Sources */ = {isa = PBXBuildFile; fileRef = 443108BA1F0C656F007C75CF /* Photo.swift */; };
		4489A2631F0C9F40005A028E /* AsyncImage.swift in Sources */ = {isa = PBXBuildFile; fileRef = 4489A2621F0C9F40005A028E /* AsyncImage.swift */; };
		44CCC8481F0F33D400962046 /* Kingfisher.framework in Frameworks */ = {isa = PBXBuildFile; fileRef = 44CCC8461F0F33A300962046 /* Kingfisher.framework */; };
/* End PBXBuildFile section */

/* Begin PBXFileReference section */
		4431089C1F0C3241007C75CF /* FlickerAPI.app */ = {isa = PBXFileReference; explicitFileType = wrapper.application; includeInIndex = 0; path = FlickerAPI.app; sourceTree = BUILT_PRODUCTS_DIR; };
		4431089F1F0C3241007C75CF /* AppDelegate.swift */ = {isa = PBXFileReference; lastKnownFileType = sourcecode.swift; path = AppDelegate.swift; sourceTree = "<group>"; };
		443108A11F0C3241007C75CF /* ViewController.swift */ = {isa = PBXFileReference; lastKnownFileType = sourcecode.swift; path = ViewController.swift; sourceTree = "<group>"; };
		443108A41F0C3241007C75CF /* Base */ = {isa = PBXFileReference; lastKnownFileType = file.storyboard; name = Base; path = Base.lproj/Main.storyboard; sourceTree = "<group>"; };
		443108A61F0C3241007C75CF /* Assets.xcassets */ = {isa = PBXFileReference; lastKnownFileType = folder.assetcatalog; path = Assets.xcassets; sourceTree = "<group>"; };
		443108A91F0C3241007C75CF /* Base */ = {isa = PBXFileReference; lastKnownFileType = file.storyboard; name = Base; path = Base.lproj/LaunchScreen.storyboard; sourceTree = "<group>"; };
		443108AB1F0C3241007C75CF /* Info.plist */ = {isa = PBXFileReference; lastKnownFileType = text.plist.xml; path = Info.plist; sourceTree = "<group>"; };
		443108B11F0C397B007C75CF /* ModernExt.swift */ = {isa = PBXFileReference; lastKnownFileType = sourcecode.swift; path = ModernExt.swift; sourceTree = "<group>"; };
		443108B51F0C64A4007C75CF /* FlickrRequest.swift */ = {isa = PBXFileReference; lastKnownFileType = sourcecode.swift; path = FlickrRequest.swift; sourceTree = "<group>"; };
		443108B81F0C6506007C75CF /* RequestManager.swift */ = {isa = PBXFileReference; lastKnownFileType = sourcecode.swift; path = RequestManager.swift; sourceTree = "<group>"; };
		443108BA1F0C656F007C75CF /* Photo.swift */ = {isa = PBXFileReference; lastKnownFileType = sourcecode.swift; path = Photo.swift; sourceTree = "<group>"; };
		4489A2621F0C9F40005A028E /* AsyncImage.swift */ = {isa = PBXFileReference; lastKnownFileType = sourcecode.swift; path = AsyncImage.swift; sourceTree = "<group>"; };
		44CCC8461F0F33A300962046 /* Kingfisher.framework */ = {isa = PBXFileReference; lastKnownFileType = wrapper.framework; name = Kingfisher.framework; path = Carthage/Build/iOS/Kingfisher.framework; sourceTree = "<group>"; };
		44CCC8471F0F33BA00962046 /* Kingfisher.framework */ = {isa = PBXFileReference; lastKnownFileType = wrapper.framework; path = Kingfisher.framework; sourceTree = "<group>"; };
/* End PBXFileReference section */

/* Begin PBXFrameworksBuildPhase section */
		443108991F0C3241007C75CF /* Frameworks */ = {
			isa = PBXFrameworksBuildPhase;
			buildActionMask = 2147483647;
			files = (
				44CCC8481F0F33D400962046 /* Kingfisher.framework in Frameworks */,
			);
			runOnlyForDeploymentPostprocessing = 0;
		};
/* End PBXFrameworksBuildPhase section */

/* Begin PBXGroup section */
		443108931F0C3240007C75CF = {
			isa = PBXGroup;
			children = (
				4431089E1F0C3241007C75CF /* FlickerAPI */,
				4431089D1F0C3241007C75CF /* Products */,
				44CCC8451F0F33A300962046 /* Frameworks */,
			);
			sourceTree = "<group>";
		};
		4431089D1F0C3241007C75CF /* Products */ = {
			isa = PBXGroup;
			children = (
				4431089C1F0C3241007C75CF /* FlickerAPI.app */,
			);
			name = Products;
			sourceTree = "<group>";
		};
		4431089E1F0C3241007C75CF /* FlickerAPI */ = {
			isa = PBXGroup;
			children = (
				4431089F1F0C3241007C75CF /* AppDelegate.swift */,
				443108B11F0C397B007C75CF /* ModernExt.swift */,
				443108B31F0C648A007C75CF /* Model */,
				443108A11F0C3241007C75CF /* ViewController.swift */,
				443108A31F0C3241007C75CF /* Main.storyboard */,
				443108A61F0C3241007C75CF /* Assets.xcassets */,
				443108A81F0C3241007C75CF /* LaunchScreen.storyboard */,
				443108AB1F0C3241007C75CF /* Info.plist */,
			);
			path = FlickerAPI;
			sourceTree = "<group>";
		};
		443108B31F0C648A007C75CF /* Model */ = {
			isa = PBXGroup;
			children = (
				443108B51F0C64A4007C75CF /* FlickrRequest.swift */,
				443108BA1F0C656F007C75CF /* Photo.swift */,
				443108B81F0C6506007C75CF /* RequestManager.swift */,
				4489A2621F0C9F40005A028E /* AsyncImage.swift */,
			);
			path = Model;
			sourceTree = "<group>";
		};
		44CCC8451F0F33A300962046 /* Frameworks */ = {
			isa = PBXGroup;
			children = (
				44CCC8471F0F33BA00962046 /* Kingfisher.framework */,
				44CCC8461F0F33A300962046 /* Kingfisher.framework */,
			);
			name = Frameworks;
			sourceTree = "<group>";
		};
/* End PBXGroup section */

/* Begin PBXNativeTarget section */
		4431089B1F0C3241007C75CF /* FlickerAPI */ = {
			isa = PBXNativeTarget;
			buildConfigurationList = 443108AE1F0C3241007C75CF /* Build configuration list for PBXNativeTarget "FlickerAPI" */;
			buildPhases = (
				443108981F0C3241007C75CF /* Sources */,
				443108991F0C3241007C75CF /* Frameworks */,
				4431089A1F0C3241007C75CF /* Resources */,
				44CCC8491F0F33DB00962046 /* ShellScript */,
			);
			buildRules = (
			);
			dependencies = (
			);
			name = FlickerAPI;
			productName = FlickerAPI;
			productReference = 4431089C1F0C3241007C75CF /* FlickerAPI.app */;
			productType = "com.apple.product-type.application";
		};
/* End PBXNativeTarget section */

/* Begin PBXProject section */
		443108941F0C3240007C75CF /* Project object */ = {
			isa = PBXProject;
			attributes = {
				LastSwiftUpdateCheck = 0900;
				LastUpgradeCheck = 0900;
				ORGANIZATIONNAME = masa;
				TargetAttributes = {
					4431089B1F0C3241007C75CF = {
						CreatedOnToolsVersion = 9.0;
					};
				};
			};
			buildConfigurationList = 443108971F0C3240007C75CF /* Build configuration list for PBXProject "FlickerAPI" */;
			compatibilityVersion = "Xcode 8.0";
			developmentRegion = en;
			hasScannedForEncodings = 0;
			knownRegions = (
				en,
				Base,
			);
			mainGroup = 443108931F0C3240007C75CF;
			productRefGroup = 4431089D1F0C3241007C75CF /* Products */;
			projectDirPath = "";
			projectRoot = "";
			targets = (
				4431089B1F0C3241007C75CF /* FlickerAPI */,
			);
		};
/* End PBXProject section */

/* Begin PBXResourcesBuildPhase section */
		4431089A1F0C3241007C75CF /* Resources */ = {
			isa = PBXResourcesBuildPhase;
			buildActionMask = 2147483647;
			files = (
				443108AA1F0C3241007C75CF /* LaunchScreen.storyboard in Resources */,
				443108A71F0C3241007C75CF /* Assets.xcassets in Resources */,
				443108A51F0C3241007C75CF /* Main.storyboard in Resources */,
			);
			runOnlyForDeploymentPostprocessing = 0;
		};
/* End PBXResourcesBuildPhase section */

/* Begin PBXShellScriptBuildPhase section */
		44CCC8491F0F33DB00962046 /* ShellScript */ = {
			isa = PBXShellScriptBuildPhase;
			buildActionMask = 2147483647;
			files = (
			);
			inputPaths = (
				"$(SRCROOT)/Carthage/Build/iOS/Kingfisher.framework",
			);
			outputPaths = (
			);
			runOnlyForDeploymentPostprocessing = 0;
			shellPath = /bin/sh;
			shellScript = "/usr/local/bin/carthage copy-frameworks";
		};
/* End PBXShellScriptBuildPhase section */

/* Begin PBXSourcesBuildPhase section */
		443108981F0C3241007C75CF /* Sources */ = {
			isa = PBXSourcesBuildPhase;
			buildActionMask = 2147483647;
			files = (
				4489A2631F0C9F40005A028E /* AsyncImage.swift in Sources */,
				443108BB1F0C656F007C75CF /* Photo.swift in Sources */,
				443108B91F0C6506007C75CF /* RequestManager.swift in Sources */,
				443108A21F0C3241007C75CF /* ViewController.swift in Sources */,
				443108B61F0C64A4007C75CF /* FlickrRequest.swift in Sources */,
				443108A01F0C3241007C75CF /* AppDelegate.swift in Sources */,
				443108B21F0C397B007C75CF /* ModernExt.swift in Sources */,
			);
			runOnlyForDeploymentPostprocessing = 0;
		};
/* End PBXSourcesBuildPhase section */

/* Begin PBXVariantGroup section */
		443108A31F0C3241007C75CF /* Main.storyboard */ = {
			isa = PBXVariantGroup;
			children = (
				443108A41F0C3241007C75CF /* Base */,
			);
			name = Main.storyboard;
			sourceTree = "<group>";
		};
		443108A81F0C3241007C75CF /* LaunchScreen.storyboard */ = {
			isa = PBXVariantGroup;
			children = (
				443108A91F0C3241007C75CF /* Base */,
			);
			name = LaunchScreen.storyboard;
			sourceTree = "<group>";
		};
/* End PBXVariantGroup section */

/* Begin XCBuildConfiguration section */
		443108AC1F0C3241007C75CF /* Debug */ = {
			isa = XCBuildConfiguration;
			buildSettings = {
				ALWAYS_SEARCH_USER_PATHS = NO;
				CLANG_ANALYZER_NONNULL = YES;
				CLANG_ANALYZER_NUMBER_OBJECT_CONVERSION = YES_AGGRESSIVE;
				CLANG_CXX_LANGUAGE_STANDARD = "gnu++14";
				CLANG_CXX_LIBRARY = "libc++";
				CLANG_ENABLE_MODULES = YES;
				CLANG_ENABLE_OBJC_ARC = YES;
				CLANG_WARN_BLOCK_CAPTURE_AUTORELEASING = YES;
				CLANG_WARN_BOOL_CONVERSION = YES;
				CLANG_WARN_COMMA = YES;
				CLANG_WARN_CONSTANT_CONVERSION = YES;
				CLANG_WARN_DIRECT_OBJC_ISA_USAGE = YES_ERROR;
				CLANG_WARN_DOCUMENTATION_COMMENTS = YES;
				CLANG_WARN_EMPTY_BODY = YES;
				CLANG_WARN_ENUM_CONVERSION = YES;
				CLANG_WARN_INFINITE_RECURSION = YES;
				CLANG_WARN_INT_CONVERSION = YES;
				CLANG_WARN_NON_LITERAL_NULL_CONVERSION = YES;
				CLANG_WARN_OBJC_LITERAL_CONVERSION = YES;
				CLANG_WARN_OBJC_ROOT_CLASS = YES_ERROR;
				CLANG_WARN_RANGE_LOOP_ANALYSIS = YES;
				CLANG_WARN_STRICT_PROTOTYPES = YES;
				CLANG_WARN_SUSPICIOUS_MOVE = YES;
				CLANG_WARN_UNGUARDED_AVAILABILITY = YES_AGGRESSIVE;
				CLANG_WARN_UNREACHABLE_CODE = YES;
				CLANG_WARN__DUPLICATE_METHOD_MATCH = YES;
				CODE_SIGN_IDENTITY = "iPhone Developer";
				COPY_PHASE_STRIP = NO;
				DEBUG_INFORMATION_FORMAT = dwarf;
				ENABLE_STRICT_OBJC_MSGSEND = YES;
				ENABLE_TESTABILITY = YES;
				GCC_C_LANGUAGE_STANDARD = gnu11;
				GCC_DYNAMIC_NO_PIC = NO;
				GCC_NO_COMMON_BLOCKS = YES;
				GCC_OPTIMIZATION_LEVEL = 0;
				GCC_PREPROCESSOR_DEFINITIONS = (
					"DEBUG=1",
					"$(inherited)",
				);
				GCC_WARN_64_TO_32_BIT_CONVERSION = YES;
				GCC_WARN_ABOUT_RETURN_TYPE = YES_ERROR;
				GCC_WARN_UNDECLARED_SELECTOR = YES;
				GCC_WARN_UNINITIALIZED_AUTOS = YES_AGGRESSIVE;
				GCC_WARN_UNUSED_FUNCTION = YES;
				GCC_WARN_UNUSED_VARIABLE = YES;
				IPHONEOS_DEPLOYMENT_TARGET = 11.0;
				MTL_ENABLE_DEBUG_INFO = YES;
				ONLY_ACTIVE_ARCH = YES;
				SDKROOT = iphoneos;
				SWIFT_ACTIVE_COMPILATION_CONDITIONS = DEBUG;
				SWIFT_OPTIMIZATION_LEVEL = "-Onone";
			};
			name = Debug;
		};
		443108AD1F0C3241007C75CF /* Release */ = {
			isa = XCBuildConfiguration;
			buildSettings = {
				ALWAYS_SEARCH_USER_PATHS = NO;
				CLANG_ANALYZER_NONNULL = YES;
				CLANG_ANALYZER_NUMBER_OBJECT_CONVERSION = YES_AGGRESSIVE;
				CLANG_CXX_LANGUAGE_STANDARD = "gnu++14";
				CLANG_CXX_LIBRARY = "libc++";
				CLANG_ENABLE_MODULES = YES;
				CLANG_ENABLE_OBJC_ARC = YES;
				CLANG_WARN_BLOCK_CAPTURE_AUTORELEASING = YES;
				CLANG_WARN_BOOL_CONVERSION = YES;
				CLANG_WARN_COMMA = YES;
				CLANG_WARN_CONSTANT_CONVERSION = YES;
				CLANG_WARN_DIRECT_OBJC_ISA_USAGE = YES_ERROR;
				CLANG_WARN_DOCUMENTATION_COMMENTS = YES;
				CLANG_WARN_EMPTY_BODY = YES;
				CLANG_WARN_ENUM_CONVERSION = YES;
				CLANG_WARN_INFINITE_RECURSION = YES;
				CLANG_WARN_INT_CONVERSION = YES;
				CLANG_WARN_NON_LITERAL_NULL_CONVERSION = YES;
				CLANG_WARN_OBJC_LITERAL_CONVERSION = YES;
				CLANG_WARN_OBJC_ROOT_CLASS = YES_ERROR;
				CLANG_WARN_RANGE_LOOP_ANALYSIS = YES;
				CLANG_WARN_STRICT_PROTOTYPES = YES;
				CLANG_WARN_SUSPICIOUS_MOVE = YES;
				CLANG_WARN_UNGUARDED_AVAILABILITY = YES_AGGRESSIVE;
				CLANG_WARN_UNREACHABLE_CODE = YES;
				CLANG_WARN__DUPLICATE_METHOD_MATCH = YES;
				CODE_SIGN_IDENTITY = "iPhone Developer";
				COPY_PHASE_STRIP = NO;
				DEBUG_INFORMATION_FORMAT = "dwarf-with-dsym";
				ENABLE_NS_ASSERTIONS = NO;
				ENABLE_STRICT_OBJC_MSGSEND = YES;
				GCC_C_LANGUAGE_STANDARD = gnu11;
				GCC_NO_COMMON_BLOCKS = YES;
				GCC_WARN_64_TO_32_BIT_CONVERSION = YES;
				GCC_WARN_ABOUT_RETURN_TYPE = YES_ERROR;
				GCC_WARN_UNDECLARED_SELECTOR = YES;
				GCC_WARN_UNINITIALIZED_AUTOS = YES_AGGRESSIVE;
				GCC_WARN_UNUSED_FUNCTION = YES;
				GCC_WARN_UNUSED_VARIABLE = YES;
				IPHONEOS_DEPLOYMENT_TARGET = 11.0;
				MTL_ENABLE_DEBUG_INFO = NO;
				SDKROOT = iphoneos;
				SWIFT_OPTIMIZATION_LEVEL = "-Owholemodule";
				VALIDATE_PRODUCT = YES;
			};
			name = Release;
		};
		443108AF1F0C3241007C75CF /* Debug */ = {
			isa = XCBuildConfiguration;
			buildSettings = {
				ASSETCATALOG_COMPILER_APPICON_NAME = AppIcon;
				DEVELOPMENT_TEAM = "";
				FRAMEWORK_SEARCH_PATHS = (
					"$(inherited)",
					"$(PROJECT_DIR)/Carthage/Build/iOS",
				);
				INFOPLIST_FILE = FlickerAPI/Info.plist;
				LD_RUNPATH_SEARCH_PATHS = "$(inherited) @executable_path/Frameworks";
				PRODUCT_BUNDLE_IDENTIFIER = co.masa.FlickerAPI;
				PRODUCT_NAME = "$(TARGET_NAME)";
				SWIFT_VERSION = 4.0;
				TARGETED_DEVICE_FAMILY = "1,2";
			};
			name = Debug;
		};
		443108B01F0C3241007C75CF /* Release */ = {
			isa = XCBuildConfiguration;
			buildSettings = {
				ASSETCATALOG_COMPILER_APPICON_NAME = AppIcon;
				DEVELOPMENT_TEAM = "";
				FRAMEWORK_SEARCH_PATHS = (
					"$(inherited)",
					"$(PROJECT_DIR)/Carthage/Build/iOS",
				);
				INFOPLIST_FILE = FlickerAPI/Info.plist;
				LD_RUNPATH_SEARCH_PATHS = "$(inherited) @executable_path/Frameworks";
				PRODUCT_BUNDLE_IDENTIFIER = co.masa.FlickerAPI;
				PRODUCT_NAME = "$(TARGET_NAME)";
				SWIFT_VERSION = 4.0;
				TARGETED_DEVICE_FAMILY = "1,2";
			};
			name = Release;
		};
/* End XCBuildConfiguration section */

/* Begin XCConfigurationList section */
		443108971F0C3240007C75CF /* Build configuration list for PBXProject "FlickerAPI" */ = {
			isa = XCConfigurationList;
			buildConfigurations = (
				443108AC1F0C3241007C75CF /* Debug */,
				443108AD1F0C3241007C75CF /* Release */,
			);
			defaultConfigurationIsVisible = 0;
			defaultConfigurationName = Release;
		};
		443108AE1F0C3241007C75CF /* Build configuration list for PBXNativeTarget "FlickerAPI" */ = {
			isa = XCConfigurationList;
			buildConfigurations = (
				443108AF1F0C3241007C75CF /* Debug */,
				443108B01F0C3241007C75CF /* Release */,
			);
			defaultConfigurationIsVisible = 0;
			defaultConfigurationName = Release;
		};
/* End XCConfigurationList section */
	};
	rootObject = 443108941F0C3240007C75CF /* Project object */;
}
